// !$*UTF8*$!
{
	archiveVersion = 1;
	classes = {
	};
	objectVersion = 56;
	objects = {

/* Begin PBXBuildFile section */
		A10000010000000000000001 /* CollectorApp.swift in Sources */ = {isa = PBXBuildFile; fileRef = B10000010000000000000001 /* CollectorApp.swift */; };
		A10000010000000000000002 /* CollectorCore.swift in Sources */ = {isa = PBXBuildFile; fileRef = B10000010000000000000002 /* CollectorCore.swift */; };
		A10000010000000000000003 /* CollectionMode.swift in Sources */ = {isa = PBXBuildFile; fileRef = B10000010000000000000003 /* CollectionMode.swift */; };
		A10000010000000000000004 /* CollectorDevice.swift in Sources */ = {isa = PBXBuildFile; fileRef = B10000010000000000000004 /* CollectorDevice.swift */; };
		A10000010000000000000005 /* CollectorStream.swift in Sources */ = {isa = PBXBuildFile; fileRef = B10000010000000000000005 /* CollectorStream.swift */; };
		A10000010000000000000006 /* ConnectionState.swift in Sources */ = {isa = PBXBuildFile; fileRef = B10000010000000000000006 /* ConnectionState.swift */; };
		A10000010000000000000007 /* CollectorStatus.swift in Sources */ = {isa = PBXBuildFile; fileRef = B10000010000000000000007 /* CollectorStatus.swift */; };
		A10000010000000000000008 /* HeartRateSample.swift in Sources */ = {isa = PBXBuildFile; fileRef = B10000010000000000000008 /* HeartRateSample.swift */; };
		A10000010000000000000009 /* CollectionSession.swift in Sources */ = {isa = PBXBuildFile; fileRef = B10000010000000000000009 /* CollectionSession.swift */; };
		A1000001000000000000000B /* CollectorDeviceAdapter.swift in Sources */ = {isa = PBXBuildFile; fileRef = B1000001000000000000000B /* CollectorDeviceAdapter.swift */; };
		A1000001000000000000000C /* HeartRateStreamProviding.swift in Sources */ = {isa = PBXBuildFile; fileRef = B1000001000000000000000C /* HeartRateStreamProviding.swift */; };
		A1000001000000000000000D /* CollectorTransporting.swift in Sources */ = {isa = PBXBuildFile; fileRef = B1000001000000000000000D /* CollectorTransporting.swift */; };
		A1000001000000000000000E /* MockCollectorTransport.swift in Sources */ = {isa = PBXBuildFile; fileRef = B1000001000000000000000E /* MockCollectorTransport.swift */; };
		A1000001000000000000000F /* MockHeartRateStreamProvider.swift in Sources */ = {isa = PBXBuildFile; fileRef = B1000001000000000000000F /* MockHeartRateStreamProvider.swift */; };
		A10000010000000000000010 /* MockDeviceAdapter.swift in Sources */ = {isa = PBXBuildFile; fileRef = B10000010000000000000010 /* MockDeviceAdapter.swift */; };
		A10000010000000000000011 /* CollectorView.swift in Sources */ = {isa = PBXBuildFile; fileRef = B10000010000000000000011 /* CollectorView.swift */; };
		A10000010000000000000012 /* CollectorCoreTests.swift in Sources */ = {isa = PBXBuildFile; fileRef = B10000010000000000000012 /* CollectorCoreTests.swift */; };
		A10000010000000000000013 /* StreamDescriptor.swift in Sources */ = {isa = PBXBuildFile; fileRef = B10000010000000000000016 /* StreamDescriptor.swift */; };
		A10000010000000000000014 /* UploadChunk.swift in Sources */ = {isa = PBXBuildFile; fileRef = B10000010000000000000017 /* UploadChunk.swift */; };
		A10000010000000000000015 /* HeartRateChunkBuilder.swift in Sources */ = {isa = PBXBuildFile; fileRef = B10000010000000000000018 /* HeartRateChunkBuilder.swift */; };
		A10000010000000000000016 /* PolarHrStreamProvider.swift in Sources */ = {isa = PBXBuildFile; fileRef = B10000010000000000000019 /* PolarHrStreamProvider.swift */; };
		A10000010000000000000017 /* PolarDeviceAdapter.swift in Sources */ = {isa = PBXBuildFile; fileRef = B1000001000000000000001A /* PolarDeviceAdapter.swift */; };
		A10000010000000000000018 /* HrSampleDebugExporter.swift in Sources */ = {isa = PBXBuildFile; fileRef = B1000001000000000000001B /* HrSampleDebugExporter.swift */; };
		A73B1BAE82178FC109A9A2CD /* libPods-CollectorApp.a in Frameworks */ = {isa = PBXBuildFile; fileRef = 194AC702E05B377D67F9B776 /* libPods-CollectorApp.a */; };
/* End PBXBuildFile section */

/* Begin PBXContainerItemProxy section */
		A10000010000000000000020 /* PBXContainerItemProxy */ = {
			isa = PBXContainerItemProxy;
			containerPortal = A10000010000000000000030 /* Project object */;
			proxyType = 1;
			remoteGlobalIDString = A10000010000000000000040;
			remoteInfo = CollectorApp;
		};
/* End PBXContainerItemProxy section */

/* Begin PBXFileReference section */
		194AC702E05B377D67F9B776 /* libPods-CollectorApp.a */ = {isa = PBXFileReference; explicitFileType = archive.ar; includeInIndex = 0; path = "libPods-CollectorApp.a"; sourceTree = BUILT_PRODUCTS_DIR; };
		495D1304D8EA94C0DF6DBCD4 /* Pods-CollectorApp.release.xcconfig */ = {isa = PBXFileReference; includeInIndex = 1; lastKnownFileType = text.xcconfig; name = "Pods-CollectorApp.release.xcconfig"; path = "Target Support Files/Pods-CollectorApp/Pods-CollectorApp.release.xcconfig"; sourceTree = "<group>"; };
		9923C98DBF490FAA85F1EA44 /* Pods-CollectorApp.debug.xcconfig */ = {isa = PBXFileReference; includeInIndex = 1; lastKnownFileType = text.xcconfig; name = "Pods-CollectorApp.debug.xcconfig"; path = "Target Support Files/Pods-CollectorApp/Pods-CollectorApp.debug.xcconfig"; sourceTree = "<group>"; };
		B10000010000000000000001 /* CollectorApp.swift */ = {isa = PBXFileReference; lastKnownFileType = sourcecode.swift; path = CollectorApp.swift; sourceTree = "<group>"; };
		B10000010000000000000002 /* CollectorCore.swift */ = {isa = PBXFileReference; lastKnownFileType = sourcecode.swift; path = CollectorCore.swift; sourceTree = "<group>"; };
		B10000010000000000000003 /* CollectionMode.swift */ = {isa = PBXFileReference; lastKnownFileType = sourcecode.swift; path = CollectionMode.swift; sourceTree = "<group>"; };
		B10000010000000000000004 /* CollectorDevice.swift */ = {isa = PBXFileReference; lastKnownFileType = sourcecode.swift; path = CollectorDevice.swift; sourceTree = "<group>"; };
		B10000010000000000000005 /* CollectorStream.swift */ = {isa = PBXFileReference; lastKnownFileType = sourcecode.swift; path = CollectorStream.swift; sourceTree = "<group>"; };
		B10000010000000000000006 /* ConnectionState.swift */ = {isa = PBXFileReference; lastKnownFileType = sourcecode.swift; path = ConnectionState.swift; sourceTree = "<group>"; };
		B10000010000000000000007 /* CollectorStatus.swift */ = {isa = PBXFileReference; lastKnownFileType = sourcecode.swift; path = CollectorStatus.swift; sourceTree = "<group>"; };
		B10000010000000000000008 /* HeartRateSample.swift */ = {isa = PBXFileReference; lastKnownFileType = sourcecode.swift; path = HeartRateSample.swift; sourceTree = "<group>"; };
		B10000010000000000000009 /* CollectionSession.swift */ = {isa = PBXFileReference; lastKnownFileType = sourcecode.swift; path = CollectionSession.swift; sourceTree = "<group>"; };
		B1000001000000000000000B /* CollectorDeviceAdapter.swift */ = {isa = PBXFileReference; lastKnownFileType = sourcecode.swift; path = CollectorDeviceAdapter.swift; sourceTree = "<group>"; };
		B1000001000000000000000C /* HeartRateStreamProviding.swift */ = {isa = PBXFileReference; lastKnownFileType = sourcecode.swift; path = HeartRateStreamProviding.swift; sourceTree = "<group>"; };
		B1000001000000000000000D /* CollectorTransporting.swift */ = {isa = PBXFileReference; lastKnownFileType = sourcecode.swift; path = CollectorTransporting.swift; sourceTree = "<group>"; };
		B1000001000000000000000E /* MockCollectorTransport.swift */ = {isa = PBXFileReference; lastKnownFileType = sourcecode.swift; path = MockCollectorTransport.swift; sourceTree = "<group>"; };
		B1000001000000000000000F /* MockHeartRateStreamProvider.swift */ = {isa = PBXFileReference; lastKnownFileType = sourcecode.swift; path = MockHeartRateStreamProvider.swift; sourceTree = "<group>"; };
		B10000010000000000000010 /* MockDeviceAdapter.swift */ = {isa = PBXFileReference; lastKnownFileType = sourcecode.swift; path = MockDeviceAdapter.swift; sourceTree = "<group>"; };
		B10000010000000000000011 /* CollectorView.swift */ = {isa = PBXFileReference; lastKnownFileType = sourcecode.swift; path = CollectorView.swift; sourceTree = "<group>"; };
		B10000010000000000000012 /* CollectorCoreTests.swift */ = {isa = PBXFileReference; lastKnownFileType = sourcecode.swift; path = CollectorCoreTests.swift; sourceTree = "<group>"; };
		B10000010000000000000013 /* Info.plist */ = {isa = PBXFileReference; lastKnownFileType = text.plist.xml; path = Info.plist; sourceTree = "<group>"; };
		B10000010000000000000014 /* CollectorApp.app */ = {isa = PBXFileReference; explicitFileType = wrapper.application; includeInIndex = 0; path = CollectorApp.app; sourceTree = BUILT_PRODUCTS_DIR; };
		B10000010000000000000015 /* CollectorAppTests.xctest */ = {isa = PBXFileReference; explicitFileType = wrapper.cfbundle; includeInIndex = 0; path = CollectorAppTests.xctest; sourceTree = BUILT_PRODUCTS_DIR; };
		B10000010000000000000016 /* StreamDescriptor.swift */ = {isa = PBXFileReference; lastKnownFileType = sourcecode.swift; path = StreamDescriptor.swift; sourceTree = "<group>"; };
		B10000010000000000000017 /* UploadChunk.swift */ = {isa = PBXFileReference; lastKnownFileType = sourcecode.swift; path = UploadChunk.swift; sourceTree = "<group>"; };
		B10000010000000000000018 /* HeartRateChunkBuilder.swift */ = {isa = PBXFileReference; lastKnownFileType = sourcecode.swift; path = HeartRateChunkBuilder.swift; sourceTree = "<group>"; };
		B10000010000000000000019 /* PolarHrStreamProvider.swift */ = {isa = PBXFileReference; lastKnownFileType = sourcecode.swift; path = PolarHrStreamProvider.swift; sourceTree = "<group>"; };
		B1000001000000000000001A /* PolarDeviceAdapter.swift */ = {isa = PBXFileReference; lastKnownFileType = sourcecode.swift; path = PolarDeviceAdapter.swift; sourceTree = "<group>"; };
		B1000001000000000000001B /* HrSampleDebugExporter.swift */ = {isa = PBXFileReference; lastKnownFileType = sourcecode.swift; path = HrSampleDebugExporter.swift; sourceTree = "<group>"; };
/* End PBXFileReference section */

/* Begin PBXFrameworksBuildPhase section */
		A10000010000000000000050 /* Frameworks */ = {
			isa = PBXFrameworksBuildPhase;
			buildActionMask = 2147483647;
			files = (
				A73B1BAE82178FC109A9A2CD /* libPods-CollectorApp.a in Frameworks */,
			);
			runOnlyForDeploymentPostprocessing = 0;
		};
		A10000010000000000000051 /* Frameworks */ = {
			isa = PBXFrameworksBuildPhase;
			buildActionMask = 2147483647;
			files = (
			);
			runOnlyForDeploymentPostprocessing = 0;
		};
/* End PBXFrameworksBuildPhase section */

/* Begin PBXGroup section */
		A10000010000000000000060 = {
			isa = PBXGroup;
			children = (
				A10000010000000000000061 /* CollectorApp */,
				A10000010000000000000062 /* CollectorAppTests */,
				A10000010000000000000063 /* Products */,
				C5364EE09ECA356EC56B059E /* Pods */,
				FAE2318C39AEFBEFE1B949E8 /* Frameworks */,
			);
			sourceTree = "<group>";
		};
		A10000010000000000000061 /* CollectorApp */ = {
			isa = PBXGroup;
			children = (
				B10000010000000000000001 /* CollectorApp.swift */,
				A10000010000000000000064 /* Core */,
				A10000010000000000000065 /* Domain */,
				A10000010000000000000066 /* Adapters */,
				A10000010000000000000067 /* Transport */,
				A10000010000000000000068 /* UI */,
				B10000010000000000000013 /* Info.plist */,
			);
			path = CollectorApp;
			sourceTree = "<group>";
		};
		A10000010000000000000062 /* CollectorAppTests */ = {
			isa = PBXGroup;
			children = (
				B10000010000000000000012 /* CollectorCoreTests.swift */,
			);
			path = CollectorAppTests;
			sourceTree = "<group>";
		};
		A10000010000000000000063 /* Products */ = {
			isa = PBXGroup;
			children = (
				B10000010000000000000014 /* CollectorApp.app */,
				B10000010000000000000015 /* CollectorAppTests.xctest */,
			);
			name = Products;
			sourceTree = "<group>";
		};
		A10000010000000000000064 /* Core */ = {
			isa = PBXGroup;
			children = (
				B10000010000000000000002 /* CollectorCore.swift */,
				B1000001000000000000001B /* HrSampleDebugExporter.swift */,
			);
			path = Core;
			sourceTree = "<group>";
		};
		A10000010000000000000065 /* Domain */ = {
			isa = PBXGroup;
			children = (
				B10000010000000000000003 /* CollectionMode.swift */,
				B10000010000000000000004 /* CollectorDevice.swift */,
				B10000010000000000000005 /* CollectorStream.swift */,
				B10000010000000000000006 /* ConnectionState.swift */,
				B10000010000000000000007 /* CollectorStatus.swift */,
				B10000010000000000000008 /* HeartRateSample.swift */,
				B10000010000000000000009 /* CollectionSession.swift */,
				B10000010000000000000016 /* StreamDescriptor.swift */,
				B10000010000000000000017 /* UploadChunk.swift */,
				B1000001000000000000000B /* CollectorDeviceAdapter.swift */,
				B1000001000000000000000C /* HeartRateStreamProviding.swift */,
			);
			path = Domain;
			sourceTree = "<group>";
		};
		A10000010000000000000066 /* Adapters */ = {
			isa = PBXGroup;
			children = (
				B1000001000000000000001A /* PolarDeviceAdapter.swift */,
				B10000010000000000000019 /* PolarHrStreamProvider.swift */,
				B1000001000000000000000F /* MockHeartRateStreamProvider.swift */,
				B10000010000000000000010 /* MockDeviceAdapter.swift */,
			);
			path = Adapters;
			sourceTree = "<group>";
		};
		A10000010000000000000067 /* Transport */ = {
			isa = PBXGroup;
			children = (
				B1000001000000000000000D /* CollectorTransporting.swift */,
				B10000010000000000000018 /* HeartRateChunkBuilder.swift */,
				B1000001000000000000000E /* MockCollectorTransport.swift */,
			);
			path = Transport;
			sourceTree = "<group>";
		};
		A10000010000000000000068 /* UI */ = {
			isa = PBXGroup;
			children = (
				B10000010000000000000011 /* CollectorView.swift */,
			);
			path = UI;
			sourceTree = "<group>";
		};
		C5364EE09ECA356EC56B059E /* Pods */ = {
			isa = PBXGroup;
			children = (
				9923C98DBF490FAA85F1EA44 /* Pods-CollectorApp.debug.xcconfig */,
				495D1304D8EA94C0DF6DBCD4 /* Pods-CollectorApp.release.xcconfig */,
			);
			name = Pods;
			path = Pods;
			sourceTree = "<group>";
		};
		FAE2318C39AEFBEFE1B949E8 /* Frameworks */ = {
			isa = PBXGroup;
			children = (
				194AC702E05B377D67F9B776 /* libPods-CollectorApp.a */,
			);
			name = Frameworks;
			sourceTree = "<group>";
		};
/* End PBXGroup section */

/* Begin PBXNativeTarget section */
		A10000010000000000000040 /* CollectorApp */ = {
			isa = PBXNativeTarget;
			buildConfigurationList = A10000010000000000000070 /* Build configuration list for PBXNativeTarget "CollectorApp" */;
			buildPhases = (
				1BC72A295B4319BCCA512B9C /* [CP] Check Pods Manifest.lock */,
				A10000010000000000000071 /* Sources */,
				A10000010000000000000050 /* Frameworks */,
				A10000010000000000000072 /* Resources */,
				903FC8B3B30BE053AA7956D8 /* [CP] Copy Pods Resources */,
			);
			buildRules = (
			);
			dependencies = (
			);
			name = CollectorApp;
			productName = CollectorApp;
			productReference = B10000010000000000000014 /* CollectorApp.app */;
			productType = "com.apple.product-type.application";
		};
		A10000010000000000000041 /* CollectorAppTests */ = {
			isa = PBXNativeTarget;
			buildConfigurationList = A10000010000000000000073 /* Build configuration list for PBXNativeTarget "CollectorAppTests" */;
			buildPhases = (
				A10000010000000000000074 /* Sources */,
				A10000010000000000000051 /* Frameworks */,
				A10000010000000000000075 /* Resources */,
			);
			buildRules = (
			);
			dependencies = (
				A10000010000000000000076 /* PBXTargetDependency */,
			);
			name = CollectorAppTests;
			productName = CollectorAppTests;
			productReference = B10000010000000000000015 /* CollectorAppTests.xctest */;
			productType = "com.apple.product-type.bundle.unit-test";
		};
/* End PBXNativeTarget section */

/* Begin PBXProject section */
		A10000010000000000000030 /* Project object */ = {
			isa = PBXProject;
			attributes = {
				BuildIndependentTargetsInParallel = 1;
				LastSwiftUpdateCheck = 2600;
				LastUpgradeCheck = 2600;
				TargetAttributes = {
					A10000010000000000000040 = {
						CreatedOnToolsVersion = 26.3;
					};
					A10000010000000000000041 = {
						CreatedOnToolsVersion = 26.3;
						TestTargetID = A10000010000000000000040;
					};
				};
			};
			buildConfigurationList = A10000010000000000000077 /* Build configuration list for PBXProject "ios-collector" */;
			compatibilityVersion = "Xcode 14.0";
			developmentRegion = en;
			hasScannedForEncodings = 0;
			knownRegions = (
				en,
				Base,
			);
			mainGroup = A10000010000000000000060;
			productRefGroup = A10000010000000000000063 /* Products */;
			projectDirPath = "";
			projectRoot = "";
			targets = (
				A10000010000000000000040 /* CollectorApp */,
				A10000010000000000000041 /* CollectorAppTests */,
			);
		};
/* End PBXProject section */

/* Begin PBXResourcesBuildPhase section */
		A10000010000000000000072 /* Resources */ = {
			isa = PBXResourcesBuildPhase;
			buildActionMask = 2147483647;
			files = (
			);
			runOnlyForDeploymentPostprocessing = 0;
		};
		A10000010000000000000075 /* Resources */ = {
			isa = PBXResourcesBuildPhase;
			buildActionMask = 2147483647;
			files = (
			);
			runOnlyForDeploymentPostprocessing = 0;
		};
/* End PBXResourcesBuildPhase section */

/* Begin PBXShellScriptBuildPhase section */
		1BC72A295B4319BCCA512B9C /* [CP] Check Pods Manifest.lock */ = {
			isa = PBXShellScriptBuildPhase;
			buildActionMask = 2147483647;
			files = (
			);
			inputFileListPaths = (
			);
			inputPaths = (
				"${PODS_PODFILE_DIR_PATH}/Podfile.lock",
				"${PODS_ROOT}/Manifest.lock",
			);
			name = "[CP] Check Pods Manifest.lock";
			outputFileListPaths = (
			);
			outputPaths = (
				"$(DERIVED_FILE_DIR)/Pods-CollectorApp-checkManifestLockResult.txt",
			);
			runOnlyForDeploymentPostprocessing = 0;
			shellPath = /bin/sh;
			shellScript = "diff \"${PODS_PODFILE_DIR_PATH}/Podfile.lock\" \"${PODS_ROOT}/Manifest.lock\" > /dev/null\nif [ $? != 0 ] ; then\n    # print error to STDERR\n    echo \"error: The sandbox is not in sync with the Podfile.lock. Run 'pod install' or update your CocoaPods installation.\" >&2\n    exit 1\nfi\n# This output is used by Xcode 'outputs' to avoid re-running this script phase.\necho \"SUCCESS\" > \"${SCRIPT_OUTPUT_FILE_0}\"\n";
			showEnvVarsInLog = 0;
		};
		903FC8B3B30BE053AA7956D8 /* [CP] Copy Pods Resources */ = {
			isa = PBXShellScriptBuildPhase;
			buildActionMask = 2147483647;
			files = (
			);
			inputFileListPaths = (
				"${PODS_ROOT}/Target Support Files/Pods-CollectorApp/Pods-CollectorApp-resources-${CONFIGURATION}-input-files.xcfilelist",
			);
			name = "[CP] Copy Pods Resources";
			outputFileListPaths = (
				"${PODS_ROOT}/Target Support Files/Pods-CollectorApp/Pods-CollectorApp-resources-${CONFIGURATION}-output-files.xcfilelist",
			);
			runOnlyForDeploymentPostprocessing = 0;
			shellPath = /bin/sh;
			shellScript = "\"${PODS_ROOT}/Target Support Files/Pods-CollectorApp/Pods-CollectorApp-resources.sh\"\n";
			showEnvVarsInLog = 0;
		};
/* End PBXShellScriptBuildPhase section */

/* Begin PBXSourcesBuildPhase section */
		A10000010000000000000071 /* Sources */ = {
			isa = PBXSourcesBuildPhase;
			buildActionMask = 2147483647;
			files = (
				A10000010000000000000001 /* CollectorApp.swift in Sources */,
				A10000010000000000000002 /* CollectorCore.swift in Sources */,
				A10000010000000000000003 /* CollectionMode.swift in Sources */,
				A10000010000000000000004 /* CollectorDevice.swift in Sources */,
				A10000010000000000000005 /* CollectorStream.swift in Sources */,
				A10000010000000000000006 /* ConnectionState.swift in Sources */,
				A10000010000000000000007 /* CollectorStatus.swift in Sources */,
				A10000010000000000000008 /* HeartRateSample.swift in Sources */,
				A10000010000000000000009 /* CollectionSession.swift in Sources */,
				A10000010000000000000013 /* StreamDescriptor.swift in Sources */,
				A10000010000000000000014 /* UploadChunk.swift in Sources */,
				A1000001000000000000000B /* CollectorDeviceAdapter.swift in Sources */,
				A1000001000000000000000C /* HeartRateStreamProviding.swift in Sources */,
				A1000001000000000000000D /* CollectorTransporting.swift in Sources */,
				A10000010000000000000015 /* HeartRateChunkBuilder.swift in Sources */,
				A1000001000000000000000E /* MockCollectorTransport.swift in Sources */,
				A1000001000000000000000F /* MockHeartRateStreamProvider.swift in Sources */,
				A10000010000000000000010 /* MockDeviceAdapter.swift in Sources */,
				A10000010000000000000016 /* PolarHrStreamProvider.swift in Sources */,
				A10000010000000000000017 /* PolarDeviceAdapter.swift in Sources */,
				A10000010000000000000018 /* HrSampleDebugExporter.swift in Sources */,
				A10000010000000000000011 /* CollectorView.swift in Sources */,
			);
			runOnlyForDeploymentPostprocessing = 0;
		};
		A10000010000000000000074 /* Sources */ = {
			isa = PBXSourcesBuildPhase;
			buildActionMask = 2147483647;
			files = (
				A10000010000000000000012 /* CollectorCoreTests.swift in Sources */,
			);
			runOnlyForDeploymentPostprocessing = 0;
		};
/* End PBXSourcesBuildPhase section */

/* Begin PBXTargetDependency section */
		A10000010000000000000076 /* PBXTargetDependency */ = {
			isa = PBXTargetDependency;
			target = A10000010000000000000040 /* CollectorApp */;
			targetProxy = A10000010000000000000020 /* PBXContainerItemProxy */;
		};
/* End PBXTargetDependency section */

/* Begin XCBuildConfiguration section */
		A10000010000000000000080 /* Debug */ = {
			isa = XCBuildConfiguration;
			buildSettings = {
				ALWAYS_SEARCH_USER_PATHS = NO;
				CLANG_ENABLE_MODULES = YES;
				CLANG_ENABLE_OBJC_ARC = YES;
				COPY_PHASE_STRIP = NO;
				DEBUG_INFORMATION_FORMAT = dwarf;
				DEVELOPMENT_TEAM = "";
				ENABLE_STRICT_OBJC_MSGSEND = YES;
				GCC_C_LANGUAGE_STANDARD = gnu17;
				GCC_NO_COMMON_BLOCKS = YES;
				GCC_OPTIMIZATION_LEVEL = 0;
				IPHONEOS_DEPLOYMENT_TARGET = 17.0;
				SDKROOT = iphoneos;
				SWIFT_VERSION = 5.0;
				TARGETED_DEVICE_FAMILY = 1;
			};
			name = Debug;
		};
		A10000010000000000000081 /* Release */ = {
			isa = XCBuildConfiguration;
			buildSettings = {
				ALWAYS_SEARCH_USER_PATHS = NO;
				CLANG_ENABLE_MODULES = YES;
				CLANG_ENABLE_OBJC_ARC = YES;
				COPY_PHASE_STRIP = NO;
				DEBUG_INFORMATION_FORMAT = "dwarf-with-dsym";
				DEVELOPMENT_TEAM = "";
				ENABLE_NS_ASSERTIONS = NO;
				ENABLE_STRICT_OBJC_MSGSEND = YES;
				GCC_C_LANGUAGE_STANDARD = gnu17;
				GCC_NO_COMMON_BLOCKS = YES;
				IPHONEOS_DEPLOYMENT_TARGET = 17.0;
				SDKROOT = iphoneos;
				SWIFT_COMPILATION_MODE = wholemodule;
				SWIFT_VERSION = 5.0;
				TARGETED_DEVICE_FAMILY = 1;
			};
			name = Release;
		};
		A10000010000000000000082 /* Debug */ = {
			isa = XCBuildConfiguration;
			baseConfigurationReference = 9923C98DBF490FAA85F1EA44 /* Pods-CollectorApp.debug.xcconfig */;
			buildSettings = {
				ASSETCATALOG_COMPILER_GENERATE_SWIFT_ASSET_SYMBOL_EXTENSIONS = YES;
				CODE_SIGN_STYLE = Automatic;
				CURRENT_PROJECT_VERSION = 1;
				DEFINES_MODULE = YES;
				DEVELOPMENT_TEAM = 8BQWW7465P;
				ENABLE_TESTABILITY = YES;
				GENERATE_INFOPLIST_FILE = NO;
				INFOPLIST_FILE = CollectorApp/Info.plist;
				LD_RUNPATH_SEARCH_PATHS = (
					"$(inherited)",
					"@executable_path/Frameworks",
				);
				MARKETING_VERSION = 1.0;
				PRODUCT_BUNDLE_IDENTIFIER = com.homelab.CollectorApp;
				PRODUCT_NAME = "$(TARGET_NAME)";
				SUPPORTED_PLATFORMS = "iphoneos iphonesimulator";
				SWIFT_EMIT_LOC_STRINGS = NO;
				SWIFT_VERSION = 5.0;
			};
			name = Debug;
		};
		A10000010000000000000083 /* Release */ = {
			isa = XCBuildConfiguration;
			baseConfigurationReference = 495D1304D8EA94C0DF6DBCD4 /* Pods-CollectorApp.release.xcconfig */;
			buildSettings = {
				ASSETCATALOG_COMPILER_GENERATE_SWIFT_ASSET_SYMBOL_EXTENSIONS = YES;
				CODE_SIGN_STYLE = Automatic;
				CURRENT_PROJECT_VERSION = 1;
				DEFINES_MODULE = YES;
				DEVELOPMENT_TEAM = 8BQWW7465P;
				GENERATE_INFOPLIST_FILE = NO;
				INFOPLIST_FILE = CollectorApp/Info.plist;
				LD_RUNPATH_SEARCH_PATHS = (
					"$(inherited)",
					"@executable_path/Frameworks",
				);
				MARKETING_VERSION = 1.0;
				PRODUCT_BUNDLE_IDENTIFIER = com.homelab.CollectorApp;
				PRODUCT_NAME = "$(TARGET_NAME)";
				SUPPORTED_PLATFORMS = "iphoneos iphonesimulator";
				SWIFT_EMIT_LOC_STRINGS = NO;
				SWIFT_VERSION = 5.0;
			};
			name = Release;
		};
		A10000010000000000000084 /* Debug */ = {
			isa = XCBuildConfiguration;
			buildSettings = {
				BUNDLE_LOADER = "$(TEST_HOST)";
				CODE_SIGN_STYLE = Automatic;
				CURRENT_PROJECT_VERSION = 1;
				DEVELOPMENT_TEAM = 8BQWW7465P;
				GENERATE_INFOPLIST_FILE = YES;
				LD_RUNPATH_SEARCH_PATHS = (
					"$(inherited)",
					"@executable_path/Frameworks",
					"@loader_path/Frameworks",
				);
				PRODUCT_BUNDLE_IDENTIFIER = com.homelab.CollectorAppTests;
				PRODUCT_NAME = "$(TARGET_NAME)";
				SUPPORTED_PLATFORMS = "iphoneos iphonesimulator";
				SWIFT_VERSION = 5.0;
				TEST_HOST = "$(BUILT_PRODUCTS_DIR)/CollectorApp.app/CollectorApp";
			};
			name = Debug;
		};
		A10000010000000000000085 /* Release */ = {
			isa = XCBuildConfiguration;
			buildSettings = {
				BUNDLE_LOADER = "$(TEST_HOST)";
				CODE_SIGN_STYLE = Automatic;
				CURRENT_PROJECT_VERSION = 1;
				DEVELOPMENT_TEAM = 8BQWW7465P;
				GENERATE_INFOPLIST_FILE = YES;
				LD_RUNPATH_SEARCH_PATHS = (
					"$(inherited)",
					"@executable_path/Frameworks",
					"@loader_path/Frameworks",
				);
				PRODUCT_BUNDLE_IDENTIFIER = com.homelab.CollectorAppTests;
				PRODUCT_NAME = "$(TARGET_NAME)";
				SUPPORTED_PLATFORMS = "iphoneos iphonesimulator";
				SWIFT_VERSION = 5.0;
				TEST_HOST = "$(BUILT_PRODUCTS_DIR)/CollectorApp.app/CollectorApp";
			};
			name = Release;
		};
/* End XCBuildConfiguration section */

/* Begin XCConfigurationList section */
		A10000010000000000000070 /* Build configuration list for PBXNativeTarget "CollectorApp" */ = {
			isa = XCConfigurationList;
			buildConfigurations = (
				A10000010000000000000082 /* Debug */,
				A10000010000000000000083 /* Release */,
			);
			defaultConfigurationIsVisible = 0;
			defaultConfigurationName = Release;
		};
		A10000010000000000000073 /* Build configuration list for PBXNativeTarget "CollectorAppTests" */ = {
			isa = XCConfigurationList;
			buildConfigurations = (
				A10000010000000000000084 /* Debug */,
				A10000010000000000000085 /* Release */,
			);
			defaultConfigurationIsVisible = 0;
			defaultConfigurationName = Release;
		};
		A10000010000000000000077 /* Build configuration list for PBXProject "ios-collector" */ = {
			isa = XCConfigurationList;
			buildConfigurations = (
				A10000010000000000000080 /* Debug */,
				A10000010000000000000081 /* Release */,
			);
			defaultConfigurationIsVisible = 0;
			defaultConfigurationName = Release;
		};
/* End XCConfigurationList section */
	};
	rootObject = A10000010000000000000030 /* Project object */;
}
